dependencies:
- name: cassandra
  repository: https://charts.bitnami.com/bitnami
  version: 5.6.1
- name: redis
  repository: https://charts.bitnami.com/bitnami
  version: 10.7.16
- name: grafana
  repository: https://kubernetes-charts.storage.googleapis.com
  version: 5.5.5
digest: sha256:cda8574d8a157256c1c4a198525928cdc5a56f5911603983df807db51c049ea3
generated: "2020-08-13T23:59:18.350368-05:00"
